github.com/aymanbagabas/go-osc52/v2 v2.0.1 h1:HwpRHbFMcZLEVr42D4p7XBqjyuxQH5SMiErDT4WkJ2k=
github.com/aymanbagabas/go-osc52/v2 v2.0.1/go.mod h1:uYgXzlJ7ZpABp8OJ+exZzJJhRNQ2ASbcXHWsFqH8hp8=
github.com/bmatcuk/doublestar/v4 v4.9.1 h1:X8jg9rRZmJd4yRy7ZeNDRnM+T3ZfHv15JiBJ/avrEXE=
github.com/bmatcuk/doublestar/v4 v4.9.1/go.mod h1:xBQ8jztBU6kakFMg+8WGxn0c6z1fTSPVIjEY1Wr7jzc=
github.com/davecgh/go-spew v1.1.1 h1:vj9j/u1bqnvCEfJOwUhtlOARqs3+rkHYY13jYWTU97c=
github.com/davecgh/go-spew v1.1.1/go.mod h1:J7Y8YcW2NihsgmVo/mv3lAwl/skON4iLHjSsI+c5H38=
github.com/gorilla/websocket v1.4.1/go.mod h1:YR8l580nyteQvAITg2hZ9XVh4b55+EU/adAjf1fMHhE=
github.com/gorilla/websocket v1.5.1 h1:gmztn0JnHVt9JZquRuzLw3g4wouNVzKL15iLr/zn/QY=
github.com/gorilla/websocket v1.5.1/go.mod h1:x3kM2JMyaluk02fnUJpQuwD2dCS5NDG2ZHL0uE0tcaY=
github.com/iancoleman/strcase v0.3.0 h1:nTXanmYxhfFAMjZL34Ov6gkzEsSJZ5DbhxWjvSASxEI=
github.com/iancoleman/strcase v0.3.0/go.mod h1:iwCmte+B7n89clKwxIoIXy/HfoL7AsD47ZCWhYzw7ho=
github.com/lucasb-eyer/go-colorful v1.2.0 h1:1nnpGOrhyZZuNyfu1QjKiUICQ74+3FNCN69Aj6K7nkY=
github.com/lucasb-eyer/go-colorful v1.2.0/go.mod h1:R4dSotOR9KMtayYi1e77YzuveK+i7ruzyGqttikkLy0=
github.com/mattn/go-isatty v0.0.20 h1:xfD0iDuEKnDkl03q4limB+vH+GxLEtL/jb4xVJSWWEY=
github.com/mattn/go-isatty v0.0.20/go.mod h1:W+V8PltTTMOvKvAeJH7IuucS94S2C6jfK/D7dTCTo3Y=
github.com/mattn/go-pointer v0.0.1 h1:n+XhsuGeVO6MEAp7xyEukFINEa+Quek5psIR/ylA6o0=
github.com/mattn/go-pointer v0.0.1/go.mod h1:2zXcozF6qYGgmsG+SeTZz3oAbFLdD3OWqnUbNvJZAlc=
github.com/mattn/go-runewidth v0.0.14 h1:+xnbZSEeDbOIg5/mE6JF0w6n9duR1l3/WmbinWVwUuU=
github.com/mattn/go-runewidth v0.0.14/go.mod h1:Jdepj2loyihRzMpdS35Xk/zdY8IAYHsh153qUoGf23w=
github.com/muesli/termenv v0.15.2 h1:GohcuySI0QmI3wN8Ok9PtKGkgkFIk7y6Vpb5PvrY+Wo=
github.com/muesli/termenv v0.15.2/go.mod h1:Epx+iuz8sNs7mNKhxzH4fWXGNpZwUaJKRS1noLXviQ8=
github.com/petermattis/goid v0.0.0-20180202154549-b0b1615b78e5 h1:q2e307iGHPdTGp0hoxKjt1H5pDo6utceo3dQVK3I5XQ=
github.com/petermattis/goid v0.0.0-20180202154549-b0b1615b78e5/go.mod h1:jvVRKCrJTQWu0XVbaOlby/2lO20uSCHEMzzplHXte1o=
github.com/pkg/errors v0.9.1 h1:FEBLx1zS214owpjy7qsBeixbURkuhQAwrK5UwLGTwt4=
github.com/pkg/errors v0.9.1/go.mod h1:bwawxfHBFNV+L2hUp1rHADufV3IMtnDRdf1r5NINEl0=
github.com/pmezard/go-difflib v1.0.0 h1:4DBwDE0NGyQoBHbLQYPwSUPoCMWR5BEzIk/f1lZbAQM=
github.com/pmezard/go-difflib v1.0.0/go.mod h1:iKH77koFhYxTK1pcRnkKkqfTogsbg7gZNVY4sRDYZ/4=
github.com/rivo/uniseg v0.2.0 h1:S1pD9weZBuJdFmowNwbpi7BJ8TNftyUImj/0WQi72jY=
github.com/rivo/uniseg v0.2.0/go.mod h1:J6wj4VEh+S6ZtnVlnTBMWIodfgj8LQOQFoIToxlJtxc=
github.com/sasha-s/go-deadlock v0.3.1 h1:sqv7fDNShgjcaxkO0JNcOAlr8B9+cV5Ey/OB71efZx0=
github.com/sasha-s/go-deadlock v0.3.1/go.mod h1:F73l+cr82YSh10GxyRI6qZiCgK64VaZjwesgfQ1/iLM=
github.com/sourcegraph/jsonrpc2 v0.2.0 h1:KjN/dC4fP6aN9030MZCJs9WQbTOjWHhrtKVpzzSrr/U=
github.com/sourcegraph/jsonrpc2 v0.2.0/go.mod h1:ZafdZgk/axhT1cvZAPOhw+95nz2I/Ra5qMlU4gTRwIo=
github.com/stretchr/testify v1.11.1 h1:7s2iGBzp5EwR7/aIZr8ao5+dra3wiQyKjjFuvgVKu7U=
github.com/stretchr/testify v1.11.1/go.mod h1:wZwfW3scLgRK+23gO65QZefKpKQRnfz6sD981Nm4B6U=
github.com/tidwall/jsonc v0.3.2 h1:ZTKrmejRlAJYdn0kcaFqRAKlxxFIC21pYq8vLa4p2Wc=
github.com/tidwall/jsonc v0.3.2/go.mod h1:dw+3CIxqHi+t8eFSpzzMlcVYxKp08UP5CD8/uSFCyJE=
github.com/tliron/commonlog v0.2.8 h1:vpKrEsZX4nlneC9673pXpeKqv3cFLxwpzNEZF1qiaQQ=
github.com/tliron/commonlog v0.2.8/go.mod h1:HgQZrJEuiKLLRvUixtPWGcmTmWWtKkCtywF6x9X5Spw=
github.com/tliron/glsp v0.2.2 h1:IKPfwpE8Lu8yB6Dayta+IyRMAbTVunudeauEgjXBt+c=
github.com/tliron/glsp v0.2.2/go.mod h1:GMVWDNeODxHzmDPvYbYTCs7yHVaEATfYtXiYJ9w1nBg=
github.com/tliron/kutil v0.3.11 h1:kongR0dhrrn9FR/3QRFoUfQe27t78/xQvrU9aXIy5bk=
github.com/tliron/kutil v0.3.11/go.mod h1:4IqOAAdpJuDxYbJxMv4nL8LSH0mPofSrdwIv8u99PDc=
github.com/tree-sitter/go-tree-sitter v0.24.0 h1:kRZb6aBNfcI/u0Qh8XEt3zjNVnmxTisDBN+kXK0xRYQ=
github.com/tree-sitter/go-tree-sitter v0.24.0/go.mod h1:x681iFVoLMEwOSIHA1chaLkXlroXEN7WY+VHGFaoDbk=
github.com/tree-sitter/tree-sitter-c v0.21.5-0.20240818205408-927da1f210eb h1:A8425heRM8mylnv4H58FPUiH+aYivyitre0PzxrfmWs=
github.com/tree-sitter/tree-sitter-c v0.21.5-0.20240818205408-927da1f210eb/go.mod h1:dOF6gtQiF9UwNh995T5OphYmtIypkjsp3ap7r9AN/iA=
github.com/tree-sitter/tree-sitter-cpp v0.22.4-0.20240818224355-b1a4e2b25148 h1:AfFPZwtwGN01BW1jDdqBVqscTwetvMpydqYZz57RSlc=
github.com/tree-sitter/tree-sitter-cpp v0.22.4-0.20240818224355-b1a4e2b25148/go.mod h1:Bh6U3viD57rFXRYIQ+kmiYtr+1Bx0AceypDLJJSyi9s=
github.com/tree-sitter/tree-sitter-css v0.23.2 h1:ep4nnzu384hr/QJm1nRKlpJ2vIGTBwPoZE/frwpJVP4=
github.com/tree-sitter/tree-sitter-css v0.23.2/go.mod h1:Z8l6RvpxfFAHhecXFsMMiUhl6bdoPiGGscJgSlnwHhE=
github.com/tree-sitter/tree-sitter-embedded-template v0.21.1-0.20240819044651-ffbf64942c33 h1:TwqSV3qLp3tKSqirGLRHnjFk9Tc2oy57LIl+FQ4GjI4=
github.com/tree-sitter/tree-sitter-embedded-template v0.21.1-0.20240819044651-ffbf64942c33/go.mod h1:CvCKCt3v04Ufos1zZnNCelBDeCGRpPucaN8QczoUsN4=
github.com/tree-sitter/tree-sitter-go v0.21.3-0.20240818010209-8c0f0e7a6012 h1:Xvxck3tE5FW7F7bTS97iNM2ADMyCMJztVqn5HYKdJGo=
github.com/tree-sitter/tree-sitter-go v0.21.3-0.20240818010209-8c0f0e7a6012/go.mod h1:T40D0O1cPvUU/+AmiXVXy1cncYQT6wem4Z0g4SfAYvY=
github.com/tree-sitter/tree-sitter-html v0.20.5-0.20240818004741-d11201a263d0 h1:c46K6uh5Dz00zJeU9BfjXdb8I+E4RkUdfnWJpQADXFo=
github.com/tree-sitter/tree-sitter-html v0.20.5-0.20240818004741-d11201a263d0/go.mod h1:hcNt/kOJHcIcuMvouE7LJcYdeFUFbVpBJ6d4wmOA+tU=
github.com/tree-sitter/tree-sitter-java v0.21.1-0.20240824015150-576d8097e495 h1:jrt4qbJVEFs4H93/ITxygHc6u0TGqAkkate7TQ4wFSA=
github.com/tree-sitter/tree-sitter-java v0.21.1-0.20240824015150-576d8097e495/go.mod h1:oyaR7fLnRV0hT9z6qwE9GkaeTom/hTDwK3H2idcOJFc=
github.com/tree-sitter/tree-sitter-javascript v0.21.5-0.20240818005344-15887341e5b5 h1:om4X9AVg3asL8gxNJDcz4e/Wp+VpQj1PY3uJXKr6EOg=
github.com/tree-sitter/tree-sitter-javascript v0.21.5-0.20240818005344-15887341e5b5/go.mod h1:nNqgPoV/h9uYWk6kYEFdEAhNVOacpfpRW5SFmdaP4tU=
github.com/tree-sitter/tree-sitter-json v0.21.1-0.20240818005659-bdd69eb8c8a5 h1:pfV3G3k7NCKqKk8THBmyuh2zA33lgYHS3GVrzRR8ry4=
github.com/tree-sitter/tree-sitter-json v0.21.1-0.20240818005659-bdd69eb8c8a5/go.mod h1:GbMKRjLfk0H+PI7nLi1Sx5lHf5wCpLz9al8tQYSxpEk=
github.com/tree-sitter/tree-sitter-php v0.22.9-0.20240819002312-a552625b56c1 h1:ZXZMDwE+IhUtGug4Brv6NjJWUU3rfkZBKpemf6RY8/g=
github.com/tree-sitter/tree-sitter-php v0.22.9-0.20240819002312-a552625b56c1/go.mod h1:UKCLuYnJ312Mei+3cyTmGOHzn0YAnaPRECgJmHtzrqs=
github.com/tree-sitter/tree-sitter-python v0.21.1-0.20240818005537-55a9b8a4fbfb h1:EXEM82lFM7JjJb6qiKZXkpIDaCcbV2obNn82ghwj9lw=
github.com/tree-sitter/tree-sitter-python v0.21.1-0.20240818005537-55a9b8a4fbfb/go.mod h1:lXCF1nGG5Dr4J3BTS0ObN4xJCCICiSu/b+Xe/VqMV7g=
github.com/tree-sitter/tree-sitter-ruby v0.21.1-0.20240818211811-7dbc1e2d0e2d h1:fcYCvoXdcP1uRQYXqJHRy6Hec+uKScQdKVtMwK9JeCI=
github.com/tree-sitter/tree-sitter-ruby v0.21.1-0.20240818211811-7dbc1e2d0e2d/go.mod h1:T1nShQ4v5AJtozZ8YyAS4uzUtDAJj/iv4YfwXSbUHzg=
github.com/tree-sitter/tree-sitter-rust v0.21.3-0.20240818005432-2b43eafe6447 h1:o9alBu1J/WjrcTKEthYtXmdkDc5OVXD+PqlvnEZ0Lzc=
github.com/tree-sitter/tree-sitter-rust v0.21.3-0.20240818005432-2b43eafe6447/go.mod h1:1Oh95COkkTn6Ezp0vcMbvfhRP5gLeqqljR0BYnBzWvc=
golang.org/x/crypto v0.15.0 h1:frVn1TEaCEaZcn3Tmd7Y2b5KKPaZ+I32Q2OA3kYp5TA=
golang.org/x/crypto v0.15.0/go.mod h1:4ChreQoLWfG3xLDer1WdlH5NdlQ3+mwnQq1YTKY+72g=
golang.org/x/net v0.17.0 h1:pVaXccu2ozPjCXewfr1S7xza/zcXTity9cCdXQYSjIM=
golang.org/x/net v0.17.0/go.mod h1:NxSsAGuq816PNPmqtQdLE42eU2Fs7NoRIZrHJAlaCOE=
golang.org/x/sys v0.6.0/go.mod h1:oPkhp1MJrh7nUepCBck5+mAzfO9JrbApNNgaTdGDITg=
golang.org/x/sys v0.14.0 h1:Vz7Qs629MkJkGyHxUlRHizWJRG2j8fbQKjELVSNhy7Q=
golang.org/x/sys v0.14.0/go.mod h1:/VUhepiaJMQUp4+oa/7Zr1D23ma6VTLIYjOOTFZPUcA=
golang.org/x/term v0.14.0 h1:LGK9IlZ8T9jvdy6cTdfKUCltatMFOehAQo9SRC46UQ8=
golang.org/x/term v0.14.0/go.mod h1:TySc+nGkYR6qt8km8wUhuFRTVSMIX3XPR58y2lC8vww=
gopkg.in/check.v1 v0.0.0-20161208181325-20d25e280405 h1:yhCVgyC4o1eVCa2tZl7eS0r+SDo693bJlVdllGtEeKM=
gopkg.in/check.v1 v0.0.0-20161208181325-20d25e280405/go.mod h1:Co6ibVJAznAaIkqp8huTwlJQCZ016jof/cbN4VW5Yz0=
gopkg.in/yaml.v3 v3.0.1 h1:fxVm/GzAzEWqLHuvctI91KS9hhNmmWOoWu0XTYJS7CA=
gopkg.in/yaml.v3 v3.0.1/go.mod h1:K4uyk7z7BCEPqu6E+C64Yfv1cQ7kz7rIZviUmN+EgEM=
